{
  "name": "@jessitron/promises-blog",
  "version": "1.0.0",
  "lockfileVersion": 1,
  "requires": true,
  "dependencies": {
    "@types/commander": {
      "version": "2.12.2",
      "resolved": "https://registry.npmjs.org/@types/commander/-/commander-2.12.2.tgz",
      "integrity": "sha512-0QEFiR8ljcHp9bAbWxecjVRuAMr16ivPiGOw6KFQBVrVd0RQIcM3xKdRisH2EDWgVWujiYtHwhSkSUoAAGzH7Q==",
      "dev": true,
      "requires": {
        "commander": "2.12.2"
      }
    },
    "@types/node": {
      "version": "8.5.7",
      "resolved": "https://registry.npmjs.org/@types/node/-/node-8.5.7.tgz",
      "integrity": "sha512-+1ZfzGIq8Y3EV7hPF7bs3i+Gi2mqYOiEGGRxGYPrn+hTYLMmzg+/5TkMkCHiRtLB38XSNvr/43aQ9+cUq4BbBg==",
      "dev": true
    },
    "@types/semver": {
      "version": "5.4.0",
      "resolved": "https://registry.npmjs.org/@types/semver/-/semver-5.4.0.tgz",
      "integrity": "sha512-PBHCvO98hNec9A491vBbh0ZNDOVxccwKL1u2pm6fs9oDgm7SEnw0lEHqHfjsYryDxnE3zaf7LvERWEXjOp1hig==",
      "dev": true
    },
    "axios": {
      "version": "0.17.1",
      "resolved": "https://registry.npmjs.org/axios/-/axios-0.17.1.tgz",
      "integrity": "sha1-LY4+XQvb1zJ/kbyBT1xXZg+Bgk0=",
      "requires": {
        "follow-redirects": "1.3.0",
        "is-buffer": "1.1.6"
      }
    },
    "commander": {
      "version": "2.12.2",
      "resolved": "https://registry.npmjs.org/commander/-/commander-2.12.2.tgz",
      "integrity": "sha512-BFnaq5ZOGcDN7FlrtBT4xxkgIToalIIxwjxLWVJ8bGTpe1LroqMiqQXdA7ygc7CRvaYS+9zfPGFnJqFSayx+AA==",
      "dev": true
    },
    "commandpost": {
      "version": "1.2.1",
      "resolved": "https://registry.npmjs.org/commandpost/-/commandpost-1.2.1.tgz",
      "integrity": "sha512-V1wzc+DTFsO96te2W/U+fKNRSOWtOwXhkkZH2WRLLbucrY+YrDNsRr4vtfSf83MUZVF3E6B4nwT30fqaTpzipQ==",
      "dev": true
    },
    "debug": {
      "version": "3.1.0",
      "resolved": "https://registry.npmjs.org/debug/-/debug-3.1.0.tgz",
      "integrity": "sha512-OX8XqP7/1a9cqkxYw2yXss15f26NKWBpDXQd0/uK/KPqdQhxbPa994hnzjcE2VqQpDslf55723cKPUOGSmMY3g==",
      "requires": {
        "ms": "2.0.0"
      }
    },
    "editorconfig": {
      "version": "0.15.0",
      "resolved": "https://registry.npmjs.org/editorconfig/-/editorconfig-0.15.0.tgz",
      "integrity": "sha512-j7JBoj/bpNzvoTQylfRZSc85MlLNKWQiq5y6gwKhmqD2h1eZ+tH4AXbkhEJD468gjDna/XMx2YtSkCxBRX9OGg==",
      "dev": true,
      "requires": {
        "@types/commander": "2.12.2",
        "@types/semver": "5.4.0",
        "commander": "2.12.2",
        "lru-cache": "4.1.1",
        "semver": "5.4.1",
        "sigmund": "1.0.1"
      }
    },
    "follow-redirects": {
      "version": "1.3.0",
      "resolved": "https://registry.npmjs.org/follow-redirects/-/follow-redirects-1.3.0.tgz",
      "integrity": "sha1-9oSHH8EW0uMp/aVe9naH9Pq8kFw=",
      "requires": {
        "debug": "3.1.0"
      }
    },
    "is-buffer": {
      "version": "1.1.6",
      "resolved": "https://registry.npmjs.org/is-buffer/-/is-buffer-1.1.6.tgz",
      "integrity": "sha512-NcdALwpXkTm5Zvvbk7owOUSvVvBKDgKP5/ewfXEznmQFfs4ZRmanOeKBTjRVjka3QFoN6XJ+9F3USqfHqTaU5w=="
    },
    "json-stringify-safe": {
      "version": "5.0.1",
      "resolved": "https://registry.npmjs.org/json-stringify-safe/-/json-stringify-safe-5.0.1.tgz",
      "integrity": "sha1-Epai1Y/UXxmg9s4B1lcB4sc1tus="
    },
    "lru-cache": {
      "version": "4.1.1",
      "resolved": "https://registry.npmjs.org/lru-cache/-/lru-cache-4.1.1.tgz",
      "integrity": "sha512-q4spe4KTfsAS1SUHLO0wz8Qiyf1+vMIAgpRYioFYDMNqKfHQbg+AVDH3i4fvpl71/P1L0dBl+fQi+P37UYf0ew==",
      "dev": true,
      "requires": {
        "pseudomap": "1.0.2",
        "yallist": "2.1.2"
      }
    },
    "ms": {
      "version": "2.0.0",
      "resolved": "https://registry.npmjs.org/ms/-/ms-2.0.0.tgz",
      "integrity": "sha1-VgiurfwAvmwpAd9fmGF4jeDVl8g="
    },
    "pseudomap": {
      "version": "1.0.2",
      "resolved": "https://registry.npmjs.org/pseudomap/-/pseudomap-1.0.2.tgz",
      "integrity": "sha1-8FKijacOYYkX7wqKw0wa5aaChrM=",
      "dev": true
    },
    "semver": {
      "version": "5.4.1",
      "resolved": "https://registry.npmjs.org/semver/-/semver-5.4.1.tgz",
      "integrity": "sha512-WfG/X9+oATh81XtllIo/I8gOiY9EXRdv1cQdyykeXK17YcUW3EXUAi2To4pcH6nZtJPr7ZOpM5OMyWJZm+8Rsg==",
      "dev": true
    },
    "sigmund": {
      "version": "1.0.1",
      "resolved": "https://registry.npmjs.org/sigmund/-/sigmund-1.0.1.tgz",
      "integrity": "sha1-P/IfGYytIXX587eBhT/ZTQ0ZtZA=",
      "dev": true
    },
    "typescript": {
      "version": "2.6.2",
      "resolved": "https://registry.npmjs.org/typescript/-/typescript-2.6.2.tgz",
      "integrity": "sha1-PFtv1/beCRQmkCfwPAlGdY92c6Q=",
      "dev": true
    },
    "typescript-formatter": {
      "version": "6.1.0",
      "resolved": "https://registry.npmjs.org/typescript-formatter/-/typescript-formatter-6.1.0.tgz",
      "integrity": "sha512-o2TJSBDSdua8yl8gXNJonM4jr4f7ZuLhsbG7zMG80iJluhE8MWI0R/mPzA3in3omwAJwkcbkc5Xxm74io/J7WA==",
      "dev": true,
      "requires": {
        "commandpost": "1.2.1",
        "editorconfig": "0.15.0"
      }
    },
    "yallist": {
      "version": "2.1.2",
      "resolved": "https://registry.npmjs.org/yallist/-/yallist-2.1.2.tgz",
      "integrity": "sha1-HBH5IY8HYImkfdUS+TxmmaaoHVI=",
      "dev": true
    }
  }
}
